{
    "_readme": [
        "This file locks the dependencies of your project to a known state",
        "Read more about it at https://getcomposer.org/doc/01-basic-usage.md#installing-dependencies",
        "This file is @generated automatically"
    ],
    "content-hash": "99d5ab7ba413b1976a64d95d50e3c0dc",
    "packages": [
        {
            "name": "gabordemooij/redbean",
            "version": "v5.6.2",
            "source": {
                "type": "git",
                "url": "https://github.com/gabordemooij/redbean.git",
                "reference": "fac13cd25445129a64be2bbb4457a7d8a4fb9ef0"
            },
            "dist": {
                "type": "zip",
                "url": "https://api.github.com/repos/gabordemooij/redbean/zipball/fac13cd25445129a64be2bbb4457a7d8a4fb9ef0",
                "reference": "fac13cd25445129a64be2bbb4457a7d8a4fb9ef0",
                "shasum": ""
            },
            "require": {
                "php": ">=5.3.4"
            },
            "type": "library",
            "autoload": {
                "psr-4": {
                    "RedBeanPHP\\": "RedBeanPHP"
                }
            },
            "notification-url": "https://packagist.org/downloads/",
            "license": [
                "BSD-3-Clause"
            ],
            "authors": [
                {
                    "name": "Gabor de Mooij",
                    "email": "gabor@redbeanphp.com",
                    "homepage": "https://redbeanphp.com"
                }
            ],
            "description": "RedBeanPHP ORM",
            "homepage": "https://redbeanphp.com/",
            "keywords": [
                "orm"
            ],
            "support": {
                "issues": "https://github.com/gabordemooij/redbean/issues",
                "source": "https://github.com/gabordemooij/redbean/tree/v5.6.2"
            },
            "time": "2020-11-27T08:36:10+00:00"
        },
        {
            "name": "league/csv",
            "version": "9.6.2",
            "source": {
                "type": "git",
                "url": "https://github.com/thephpleague/csv.git",
                "reference": "f28da6e483bf979bac10e2add384c90ae9983e4e"
            },
            "dist": {
                "type": "zip",
                "url": "https://api.github.com/repos/thephpleague/csv/zipball/f28da6e483bf979bac10e2add384c90ae9983e4e",
                "reference": "f28da6e483bf979bac10e2add384c90ae9983e4e",
                "shasum": ""
            },
            "require": {
                "ext-json": "*",
                "ext-mbstring": "*",
                "php": ">=7.2.5"
            },
            "require-dev": {
                "ext-curl": "*",
                "ext-dom": "*",
                "friendsofphp/php-cs-fixer": "^2.16",
                "phpstan/phpstan": "^0.12.0",
                "phpstan/phpstan-phpunit": "^0.12.0",
                "phpstan/phpstan-strict-rules": "^0.12.0",
                "phpunit/phpunit": "^8.5"
            },
            "suggest": {
                "ext-dom": "Required to use the XMLConverter and or the HTMLConverter classes",
                "ext-iconv": "Needed to ease transcoding CSV using iconv stream filters"
            },
            "type": "library",
            "extra": {
                "branch-alias": {
                    "dev-master": "9.x-dev"
                }
            },
            "autoload": {
                "psr-4": {
                    "League\\Csv\\": "src"
                },
                "files": [
                    "src/functions_include.php"
                ]
            },
            "notification-url": "https://packagist.org/downloads/",
            "license": [
                "MIT"
            ],
            "authors": [
                {
                    "name": "Ignace Nyamagana Butera",
                    "email": "nyamsprod@gmail.com",
                    "homepage": "https://github.com/nyamsprod/",
                    "role": "Developer"
                }
            ],
            "description": "CSV data manipulation made easy in PHP",
            "homepage": "http://csv.thephpleague.com",
            "keywords": [
                "convert",
                "csv",
                "export",
                "filter",
                "import",
                "read",
                "transform",
                "write"
            ],
            "support": {
                "docs": "https://csv.thephpleague.com",
                "issues": "https://github.com/thephpleague/csv/issues",
                "rss": "https://github.com/thephpleague/csv/releases.atom",
                "source": "https://github.com/thephpleague/csv"
            },
            "funding": [
                {
                    "url": "https://github.com/sponsors/nyamsprod",
                    "type": "github"
                }
            ],
            "time": "2020-12-10T19:40:30+00:00"
        },
        {
            "name": "league/flysystem",
            "version": "2.0.2",
            "source": {
                "type": "git",
                "url": "https://github.com/thephpleague/flysystem.git",
                "reference": "1d68c2325a56b6b847f3a40b9564cabfa7bb2594"
            },
            "dist": {
                "type": "zip",
                "url": "https://api.github.com/repos/thephpleague/flysystem/zipball/1d68c2325a56b6b847f3a40b9564cabfa7bb2594",
                "reference": "1d68c2325a56b6b847f3a40b9564cabfa7bb2594",
                "shasum": ""
            },
            "require": {
                "ext-json": "*",
                "league/mime-type-detection": "^1.0.0",
                "php": "^7.2 || ^8.0"
            },
            "conflict": {
                "guzzlehttp/ringphp": "<1.1.1"
            },
            "require-dev": {
                "async-aws/s3": "^1.5",
                "async-aws/simple-s3": "^1.0",
                "aws/aws-sdk-php": "^3.132.4",
                "composer/semver": "^3.0",
                "ext-fileinfo": "*",
                "friendsofphp/php-cs-fixer": "^2.16",
                "google/cloud-storage": "^1.23",
                "phpseclib/phpseclib": "^2.0",
                "phpstan/phpstan": "^0.12.26",
                "phpunit/phpunit": "^8.5 || ^9.4"
            },
            "type": "library",
            "autoload": {
                "psr-4": {
                    "League\\Flysystem\\": "src"
                }
            },
            "notification-url": "https://packagist.org/downloads/",
            "license": [
                "MIT"
            ],
            "authors": [
                {
                    "name": "Frank de Jonge",
                    "email": "info@frankdejonge.nl"
                }
            ],
            "description": "File storage abstraction for PHP",
            "keywords": [
                "WebDAV",
                "aws",
                "cloud",
                "file",
                "files",
                "filesystem",
                "filesystems",
                "ftp",
                "s3",
                "sftp",
                "storage"
            ],
            "support": {
                "issues": "https://github.com/thephpleague/flysystem/issues",
                "source": "https://github.com/thephpleague/flysystem/tree/2.0.2"
            },
            "funding": [
                {
                    "url": "https://offset.earth/frankdejonge",
                    "type": "custom"
                },
                {
                    "url": "https://github.com/frankdejonge",
                    "type": "github"
                },
                {
                    "url": "https://tidelift.com/funding/github/packagist/league/flysystem",
                    "type": "tidelift"
                }
            ],
            "time": "2020-12-28T17:02:23+00:00"
        },
        {
            "name": "league/mime-type-detection",
            "version": "1.7.0",
            "source": {
                "type": "git",
                "url": "https://github.com/thephpleague/mime-type-detection.git",
                "reference": "3b9dff8aaf7323590c1d2e443db701eb1f9aa0d3"
            },
            "dist": {
                "type": "zip",
                "url": "https://api.github.com/repos/thephpleague/mime-type-detection/zipball/3b9dff8aaf7323590c1d2e443db701eb1f9aa0d3",
                "reference": "3b9dff8aaf7323590c1d2e443db701eb1f9aa0d3",
                "shasum": ""
            },
            "require": {
                "ext-fileinfo": "*",
                "php": "^7.2 || ^8.0"
            },
            "require-dev": {
                "friendsofphp/php-cs-fixer": "^2.18",
                "phpstan/phpstan": "^0.12.68",
                "phpunit/phpunit": "^8.5.8 || ^9.3"
            },
            "type": "library",
            "autoload": {
                "psr-4": {
                    "League\\MimeTypeDetection\\": "src"
                }
            },
            "notification-url": "https://packagist.org/downloads/",
            "license": [
                "MIT"
            ],
            "authors": [
                {
                    "name": "Frank de Jonge",
                    "email": "info@frankdejonge.nl"
                }
            ],
            "description": "Mime-type detection for Flysystem",
            "support": {
                "issues": "https://github.com/thephpleague/mime-type-detection/issues",
                "source": "https://github.com/thephpleague/mime-type-detection/tree/1.7.0"
            },
            "funding": [
                {
                    "url": "https://github.com/frankdejonge",
                    "type": "github"
                },
                {
                    "url": "https://tidelift.com/funding/github/packagist/league/flysystem",
                    "type": "tidelift"
                }
            ],
            "time": "2021-01-18T20:58:21+00:00"
        },
        {
            "name": "league/monga",
            "version": "1.2.4",
            "source": {
                "type": "git",
                "url": "https://github.com/thephpleague/monga.git",
                "reference": "b98db07e7aeeaddf99b65a9d39ea6e5342ac6e72"
            },
            "dist": {
                "type": "zip",
                "url": "https://api.github.com/repos/thephpleague/monga/zipball/b98db07e7aeeaddf99b65a9d39ea6e5342ac6e72",
                "reference": "b98db07e7aeeaddf99b65a9d39ea6e5342ac6e72",
                "shasum": ""
            },
            "require": {
                "php": ">=5.4.0"
            },
            "replace": {
                "php-loep/monga": "self.version"
            },
            "require-dev": {
                "mockery/mockery": "0.9.*",
                "phpunit/phpunit": "4.*",
                "squizlabs/php_codesniffer": "2.3.*"
            },
            "type": "library",
            "autoload": {
                "psr-0": {
                    "League\\Monga": "src/"
                }
            },
            "notification-url": "https://packagist.org/downloads/",
            "license": [
                "MIT"
            ],
            "authors": [
                {
                    "name": "Frank de Jonge",
                    "email": "frank@ku.nl"
                }
            ],
            "description": "MongoDB Abstraction Layer",
            "homepage": "https://github.com/thephpleague/monga",
            "keywords": [
                "mongodb"
            ],
            "support": {
                "issues": "https://github.com/thephpleague/monga/issues",
                "source": "https://github.com/thephpleague/monga/tree/master"
            },
            "time": "2016-02-29T17:56:12+00:00"
        },
        {
            "name": "league/period",
            "version": "4.11.0",
            "source": {
                "type": "git",
                "url": "https://github.com/thephpleague/period.git",
                "reference": "8a171923aca1f22c68273876c8d45336a9d2110a"
            },
            "dist": {
                "type": "zip",
                "url": "https://api.github.com/repos/thephpleague/period/zipball/8a171923aca1f22c68273876c8d45336a9d2110a",
                "reference": "8a171923aca1f22c68273876c8d45336a9d2110a",
                "shasum": ""
            },
            "require": {
                "ext-json": "*",
                "php": "^7.2.0 || ^8.0"
            },
            "require-dev": {
                "friendsofphp/php-cs-fixer": "^2.16",
                "infection/infection": "^0",
                "phpstan/phpstan": "^0.12",
                "phpstan/phpstan-phpunit": "^0.12",
                "phpstan/phpstan-strict-rules": "^0.12",
                "phpunit/phpunit": "^8.0 || ^9.0"
            },
            "type": "library",
            "extra": {
                "branch-alias": {
                    "dev-master": "4.x-dev"
                }
            },
            "autoload": {
                "psr-4": {
                    "League\\Period\\": "src"
                },
                "files": [
                    "src/functions_include.php"
                ]
            },
            "notification-url": "https://packagist.org/downloads/",
            "license": [
                "MIT"
            ],
            "authors": [
                {
                    "name": "Ignace Nyamagana Butera",
                    "email": "nyamsprod@gmail.com",
                    "homepage": "https://github.com/nyamsprod/",
                    "role": "Developer"
                }
            ],
            "description": "Time range API for PHP",
            "homepage": "http://period.thephpleague.com",
            "keywords": [
                "boundaries",
                "calendar",
                "collection",
                "date",
                "dateinterval",
                "dateperiod",
                "datetime",
                "gap",
                "intersections",
                "interval",
                "period",
                "range",
                "schedule",
                "sequence",
                "time",
                "timeline",
                "unions"
            ],
            "support": {
                "docs": "https://period.thephpleague.com",
                "issues": "https://github.com/thephpleague/period/issues",
                "source": "https://github.com/thephpleague/period"
            },
            "funding": [
                {
                    "url": "https://github.com/sponsors/nyamsprod",
                    "type": "github"
                }
            ],
            "time": "2020-11-11T19:24:30+00:00"
        }
    ],
    "packages-dev": [],
    "aliases": [],
    "minimum-stability": "stable",
    "stability-flags": [],
    "prefer-stable": false,
    "prefer-lowest": false,
    "platform": {
        "php": "^7.4",
        "ext-pdo": "^7.4"
    },
    "platform-dev": [],
    "plugin-api-version": "2.0.0"
}
